
Microsoft Visual Studio Solution File, Format Version 12.00
# Visual Studio 15
VisualStudioVersion = 15.0.27428.2037
MinimumVisualStudioVersion = 10.0.40219.1
Project("{FAE04EC0-301F-11D3-BF4B-00C04F79EFBC}") = "amazonTestsSelenium", "amazonTestsSelenium\amazonTestsSelenium.csproj", "{A8A7508D-E38B-47BE-B591-CBBB72283ACE}"
EndProject
Global
	GlobalSection(SolutionConfigurationPlatforms) = preSolution
		Debug|Any CPU = Debug|Any CPU
		Release|Any CPU = Release|Any CPU
	EndGlobalSection
	GlobalSection(ProjectConfigurationPlatforms) = postSolution
		{A8A7508D-E38B-47BE-B591-CBBB72283ACE}.Debug|Any CPU.ActiveCfg = Debug|Any CPU
		{A8A7508D-E38B-47BE-B591-CBBB72283ACE}.Debug|Any CPU.Build.0 = Debug|Any CPU
		{A8A7508D-E38B-47BE-B591-CBBB72283ACE}.Release|Any CPU.ActiveCfg = Release|Any CPU
		{A8A7508D-E38B-47BE-B591-CBBB72283ACE}.Release|Any CPU.Build.0 = Release|Any CPU
	EndGlobalSection
	GlobalSection(SolutionProperties) = preSolution
		HideSolutionNode = FALSE
	EndGlobalSection
	GlobalSection(ExtensibilityGlobals) = postSolution
		SolutionGuid = {72963938-F588-4124-AB90-20D5332871D9}
	EndGlobalSection
EndGlobal
